
Microsoft Visual Studio Solution File, Format Version 12.00
# Visual Studio 15
VisualStudioVersion = 15.0.28307.1259
MinimumVisualStudioVersion = 10.0.40219.1
Project("{FAE04EC0-301F-11D3-BF4B-00C04F79EFBC}") = "HangarGym_v1", "HangarGym_v1\HangarGym_v1.csproj", "{C518A389-1933-41F1-AFA5-8AFB10A4DFAD}"
EndProject
Global
	GlobalSection(SolutionConfigurationPlatforms) = preSolution
		Debug|Any CPU = Debug|Any CPU
		Release|Any CPU = Release|Any CPU
	EndGlobalSection
	GlobalSection(ProjectConfigurationPlatforms) = postSolution
		{C518A389-1933-41F1-AFA5-8AFB10A4DFAD}.Debug|Any CPU.ActiveCfg = Debug|Any CPU
		{C518A389-1933-41F1-AFA5-8AFB10A4DFAD}.Debug|Any CPU.Build.0 = Debug|Any CPU
		{C518A389-1933-41F1-AFA5-8AFB10A4DFAD}.Release|Any CPU.ActiveCfg = Release|Any CPU
		{C518A389-1933-41F1-AFA5-8AFB10A4DFAD}.Release|Any CPU.Build.0 = Release|Any CPU
	EndGlobalSection
	GlobalSection(SolutionProperties) = preSolution
		HideSolutionNode = FALSE
	EndGlobalSection
	GlobalSection(ExtensibilityGlobals) = postSolution
		SolutionGuid = {3FFEE279-3AF0-47C0-BD3C-3B5CB0775F63}
	EndGlobalSection
EndGlobal
