
Microsoft Visual Studio Solution File, Format Version 12.00
# Visual Studio 15
VisualStudioVersion = 15.0.28307.1433
MinimumVisualStudioVersion = 10.0.40219.1
Project("{FAE04EC0-301F-11D3-BF4B-00C04F79EFBC}") = "sql", "sql\sql.csproj", "{3762C035-B562-4100-BD4F-79FE49CF26DA}"
EndProject
Global
	GlobalSection(SolutionConfigurationPlatforms) = preSolution
		Debug|Any CPU = Debug|Any CPU
		Release|Any CPU = Release|Any CPU
	EndGlobalSection
	GlobalSection(ProjectConfigurationPlatforms) = postSolution
		{3762C035-B562-4100-BD4F-79FE49CF26DA}.Debug|Any CPU.ActiveCfg = Debug|Any CPU
		{3762C035-B562-4100-BD4F-79FE49CF26DA}.Debug|Any CPU.Build.0 = Debug|Any CPU
		{3762C035-B562-4100-BD4F-79FE49CF26DA}.Release|Any CPU.ActiveCfg = Release|Any CPU
		{3762C035-B562-4100-BD4F-79FE49CF26DA}.Release|Any CPU.Build.0 = Release|Any CPU
	EndGlobalSection
	GlobalSection(SolutionProperties) = preSolution
		HideSolutionNode = FALSE
	EndGlobalSection
	GlobalSection(ExtensibilityGlobals) = postSolution
		SolutionGuid = {75EB92DD-899E-4024-9E51-42E77F3FC1F4}
	EndGlobalSection
EndGlobal
